<?xml version="1.0" encoding="utf-8"?>
<Project ToolsVersion="4.0" xmlns="http://schemas.microsoft.com/developer/msbuild/2003">
  <ItemGroup>
    <Filter Include="源文件">
      <UniqueIdentifier>{4FC737F1-C7A5-4376-A066-2A32D752A2FF}</UniqueIdentifier>
      <Extensions>cpp;c;cc;cxx;c++;cppm;ixx;def;odl;idl;hpj;bat;asm;asmx</Extensions>
    </Filter>
    <Filter Include="头文件">
      <UniqueIdentifier>{93995380-89BD-4b04-88EB-625FBE52EBFB}</UniqueIdentifier>
      <Extensions>h;hh;hpp;hxx;h++;hm;inl;inc;ipp;xsd</Extensions>
    </Filter>
    <Filter Include="资源文件">
      <UniqueIdentifier>{67DA6AB6-F800-4c08-8B7A-83BB121AAD01}</UniqueIdentifier>
      <Extensions>rc;ico;cur;bmp;dlg;rc2;rct;bin;rgs;gif;jpg;jpeg;jpe;resx;tiff;tif;png;wav;mfcribbon-ms</Extensions>
    </Filter>
    <Filter Include="头文件\框架">
      <UniqueIdentifier>{1944d3e7-8d03-4739-9829-14e820b479cf}</UniqueIdentifier>
    </Filter>
    <Filter Include="头文件\场景">
      <UniqueIdentifier>{84e5fd31-0c0a-4e98-9048-e85442a6eff6}</UniqueIdentifier>
    </Filter>
    <Filter Include="头文件\角色">
      <UniqueIdentifier>{2f7f643f-29ab-43c2-96bf-c8afc925025b}</UniqueIdentifier>
    </Filter>
  </ItemGroup>
  <ItemGroup>
    <ClInclude Include="def.h">
      <Filter>源文件</Filter>
    </ClInclude>
    <ClInclude Include="animation.h">
      <Filter>头文件\框架</Filter>
    </ClInclude>
    <ClInclude Include="atlas.h">
      <Filter>头文件\框架</Filter>
    </ClInclude>
    <ClInclude Include="bullet.h">
      <Filter>头文件\框架</Filter>
    </ClInclude>
    <ClInclude Include="camera.h">
      <Filter>头文件\框架</Filter>
    </ClInclude>
    <ClInclude Include="vector2.h">
      <Filter>头文件\框架</Filter>
    </ClInclude>
    <ClInclude Include="utli.h">
      <Filter>头文件\框架</Filter>
    </ClInclude>
    <ClInclude Include="timer.h">
      <Filter>头文件\框架</Filter>
    </ClInclude>
    <ClInclude Include="scene.h">
      <Filter>头文件\场景</Filter>
    </ClInclude>
    <ClInclude Include="scene_manager.h">
      <Filter>头文件\场景</Filter>
    </ClInclude>
    <ClInclude Include="selector_scene.h">
      <Filter>头文件\场景</Filter>
    </ClInclude>
    <ClInclude Include="menu_scene.h">
      <Filter>头文件\场景</Filter>
    </ClInclude>
    <ClInclude Include="platform.h">
      <Filter>头文件\角色</Filter>
    </ClInclude>
    <ClInclude Include="game_scene.h">
      <Filter>头文件\场景</Filter>
    </ClInclude>
    <ClInclude Include="player.h">
      <Filter>头文件\角色</Filter>
    </ClInclude>
    <ClInclude Include="player_id.h">
      <Filter>头文件\角色</Filter>
    </ClInclude>
    <ClInclude Include="rank_scene.h">
      <Filter>头文件\场景</Filter>
    </ClInclude>
    <ClInclude Include="Identity.h">
      <Filter>头文件\框架</Filter>
    </ClInclude>
    <ClInclude Include="wait_scene.h">
      <Filter>头文件\场景</Filter>
    </ClInclude>
    <ClInclude Include="computer_player.h">
      <Filter>头文件\角色</Filter>
    </ClInclude>
    <ClInclude Include="computer_bullet.h">
      <Filter>头文件\角色</Filter>
    </ClInclude>
    <ClInclude Include="math_player.h">
      <Filter>头文件\角色</Filter>
    </ClInclude>
    <ClInclude Include="math_bullet.h">
      <Filter>头文件\角色</Filter>
    </ClInclude>
    <ClInclude Include="repos_scene.h">
      <Filter>头文件\场景</Filter>
    </ClInclude>
    <ClInclude Include="eam_bullet.h">
      <Filter>头文件\角色</Filter>
    </ClInclude>
    <ClInclude Include="eam_bullet_ex.h">
      <Filter>头文件\角色</Filter>
    </ClInclude>
    <ClInclude Include="eam_player.h">
      <Filter>头文件\角色</Filter>
    </ClInclude>
    <ClInclude Include="archi_bullet.h">
      <Filter>头文件\角色</Filter>
    </ClInclude>
    <ClInclude Include="archi_player.h">
      <Filter>头文件\角色</Filter>
    </ClInclude>
  </ItemGroup>
  <ItemGroup>
    <ClCompile Include="main.cpp">
      <Filter>源文件</Filter>
    </ClCompile>
  </ItemGroup>
  <ItemGroup>
    <Text Include="record.txt" />
  </ItemGroup>
</Project>